
Microsoft Visual Studio Solution File, Format Version 12.00
# Visual Studio Version 17
VisualStudioVersion = 17.0.32112.339
MinimumVisualStudioVersion = 10.0.40219.1
Project("{9A19103F-16F7-4668-BE54-9A1E7A4F7556}") = "RecipeWinForm", "RecipeWinForm\RecipeWinForm.csproj", "{F1D25328-47C9-401B-B217-2D369243ABDB}"
EndProject
Project("{9A19103F-16F7-4668-BE54-9A1E7A4F7556}") = "CPUFramework", "..\CPUFramework\CPUFramework.csproj", "{C4EA50C8-08F2-4F76-873C-ADB7A7CB888A}"
EndProject
Project("{9A19103F-16F7-4668-BE54-9A1E7A4F7556}") = "RecipeBizObjects", "RecipeBizObjects\RecipeBizObjects.csproj", "{DE3D5B8D-8747-47FD-BC64-471CC17DDAB7}"
EndProject
Project("{9A19103F-16F7-4668-BE54-9A1E7A4F7556}") = "RecipeTest", "RecipeTest\RecipeTest.csproj", "{EC47F06A-984F-4E5B-A8E7-D4013FE741D1}"
EndProject
Project("{FAE04EC0-301F-11D3-BF4B-00C04F79EFBC}") = "RecipeWeb", "RecipeWeb\RecipeWeb.csproj", "{82BCD33D-9D03-43DF-AF82-203205AE9ADC}"
EndProject
Global
	GlobalSection(SolutionConfigurationPlatforms) = preSolution
		Debug|Any CPU = Debug|Any CPU
		Release|Any CPU = Release|Any CPU
	EndGlobalSection
	GlobalSection(ProjectConfigurationPlatforms) = postSolution
		{F1D25328-47C9-401B-B217-2D369243ABDB}.Debug|Any CPU.ActiveCfg = Debug|Any CPU
		{F1D25328-47C9-401B-B217-2D369243ABDB}.Debug|Any CPU.Build.0 = Debug|Any CPU
		{F1D25328-47C9-401B-B217-2D369243ABDB}.Release|Any CPU.ActiveCfg = Release|Any CPU
		{F1D25328-47C9-401B-B217-2D369243ABDB}.Release|Any CPU.Build.0 = Release|Any CPU
		{C4EA50C8-08F2-4F76-873C-ADB7A7CB888A}.Debug|Any CPU.ActiveCfg = Debug|Any CPU
		{C4EA50C8-08F2-4F76-873C-ADB7A7CB888A}.Debug|Any CPU.Build.0 = Debug|Any CPU
		{C4EA50C8-08F2-4F76-873C-ADB7A7CB888A}.Release|Any CPU.ActiveCfg = Release|Any CPU
		{C4EA50C8-08F2-4F76-873C-ADB7A7CB888A}.Release|Any CPU.Build.0 = Release|Any CPU
		{DE3D5B8D-8747-47FD-BC64-471CC17DDAB7}.Debug|Any CPU.ActiveCfg = Debug|Any CPU
		{DE3D5B8D-8747-47FD-BC64-471CC17DDAB7}.Debug|Any CPU.Build.0 = Debug|Any CPU
		{DE3D5B8D-8747-47FD-BC64-471CC17DDAB7}.Release|Any CPU.ActiveCfg = Release|Any CPU
		{DE3D5B8D-8747-47FD-BC64-471CC17DDAB7}.Release|Any CPU.Build.0 = Release|Any CPU
		{EC47F06A-984F-4E5B-A8E7-D4013FE741D1}.Debug|Any CPU.ActiveCfg = Debug|Any CPU
		{EC47F06A-984F-4E5B-A8E7-D4013FE741D1}.Debug|Any CPU.Build.0 = Debug|Any CPU
		{EC47F06A-984F-4E5B-A8E7-D4013FE741D1}.Release|Any CPU.ActiveCfg = Release|Any CPU
		{EC47F06A-984F-4E5B-A8E7-D4013FE741D1}.Release|Any CPU.Build.0 = Release|Any CPU
		{82BCD33D-9D03-43DF-AF82-203205AE9ADC}.Debug|Any CPU.ActiveCfg = Debug|Any CPU
		{82BCD33D-9D03-43DF-AF82-203205AE9ADC}.Debug|Any CPU.Build.0 = Debug|Any CPU
		{82BCD33D-9D03-43DF-AF82-203205AE9ADC}.Release|Any CPU.ActiveCfg = Release|Any CPU
		{82BCD33D-9D03-43DF-AF82-203205AE9ADC}.Release|Any CPU.Build.0 = Release|Any CPU
	EndGlobalSection
	GlobalSection(SolutionProperties) = preSolution
		HideSolutionNode = FALSE
	EndGlobalSection
	GlobalSection(ExtensibilityGlobals) = postSolution
		SolutionGuid = {A38CEA56-BC29-4C2B-8CB7-C3232734E67C}
	EndGlobalSection
EndGlobal
